
Microsoft Visual Studio Solution File, Format Version 12.00
# Visual Studio Version 16
VisualStudioVersion = 16.0.29806.167
MinimumVisualStudioVersion = 10.0.40219.1
Project("{FAE04EC0-301F-11D3-BF4B-00C04F79EFBC}") = "SiteReader.UWP", "SiteReader\SiteReader.UWP\SiteReader.UWP.csproj", "{C195991D-F0A5-4E20-8E62-6576BD03D0A0}"
EndProject
Project("{FAE04EC0-301F-11D3-BF4B-00C04F79EFBC}") = "SiteReader.Android", "SiteReader\SiteReader.Android\SiteReader.Android.csproj", "{14C68EEB-CE24-4FCA-91A4-ABC822F013B9}"
EndProject
Project("{FAE04EC0-301F-11D3-BF4B-00C04F79EFBC}") = "SiteReader.iOS", "SiteReader\SiteReader.iOS\SiteReader.iOS.csproj", "{559D81A5-22D5-4AD8-BE18-C9027486C916}"
EndProject
Project("{FAE04EC0-301F-11D3-BF4B-00C04F79EFBC}") = "SiteReader", "SiteReader\SiteReader\SiteReader.csproj", "{7A55EB23-1197-430F-8E4D-7F3AFD93B149}"
EndProject
Global
	GlobalSection(SolutionConfigurationPlatforms) = preSolution
		Debug|Any CPU = Debug|Any CPU
		Debug|ARM = Debug|ARM
		Debug|iPhone = Debug|iPhone
		Debug|iPhoneSimulator = Debug|iPhoneSimulator
		Debug|x64 = Debug|x64
		Debug|x86 = Debug|x86
		Release|Any CPU = Release|Any CPU
		Release|ARM = Release|ARM
		Release|iPhone = Release|iPhone
		Release|iPhoneSimulator = Release|iPhoneSimulator
		Release|x64 = Release|x64
		Release|x86 = Release|x86
	EndGlobalSection
	GlobalSection(ProjectConfigurationPlatforms) = postSolution
		{C195991D-F0A5-4E20-8E62-6576BD03D0A0}.Debug|Any CPU.ActiveCfg = Debug|x86
		{C195991D-F0A5-4E20-8E62-6576BD03D0A0}.Debug|Any CPU.Build.0 = Debug|x86
		{C195991D-F0A5-4E20-8E62-6576BD03D0A0}.Debug|Any CPU.Deploy.0 = Debug|x86
		{C195991D-F0A5-4E20-8E62-6576BD03D0A0}.Debug|ARM.ActiveCfg = Debug|ARM
		{C195991D-F0A5-4E20-8E62-6576BD03D0A0}.Debug|ARM.Build.0 = Debug|ARM
		{C195991D-F0A5-4E20-8E62-6576BD03D0A0}.Debug|ARM.Deploy.0 = Debug|ARM
		{C195991D-F0A5-4E20-8E62-6576BD03D0A0}.Debug|iPhone.ActiveCfg = Debug|x86
		{C195991D-F0A5-4E20-8E62-6576BD03D0A0}.Debug|iPhone.Build.0 = Debug|x86
		{C195991D-F0A5-4E20-8E62-6576BD03D0A0}.Debug|iPhone.Deploy.0 = Debug|x86
		{C195991D-F0A5-4E20-8E62-6576BD03D0A0}.Debug|iPhoneSimulator.ActiveCfg = Debug|x86
		{C195991D-F0A5-4E20-8E62-6576BD03D0A0}.Debug|iPhoneSimulator.Build.0 = Debug|x86
		{C195991D-F0A5-4E20-8E62-6576BD03D0A0}.Debug|iPhoneSimulator.Deploy.0 = Debug|x86
		{C195991D-F0A5-4E20-8E62-6576BD03D0A0}.Debug|x64.ActiveCfg = Debug|x64
		{C195991D-F0A5-4E20-8E62-6576BD03D0A0}.Debug|x64.Build.0 = Debug|x64
		{C195991D-F0A5-4E20-8E62-6576BD03D0A0}.Debug|x64.Deploy.0 = Debug|x64
		{C195991D-F0A5-4E20-8E62-6576BD03D0A0}.Debug|x86.ActiveCfg = Debug|x86
		{C195991D-F0A5-4E20-8E62-6576BD03D0A0}.Debug|x86.Build.0 = Debug|x86
		{C195991D-F0A5-4E20-8E62-6576BD03D0A0}.Debug|x86.Deploy.0 = Debug|x86
		{C195991D-F0A5-4E20-8E62-6576BD03D0A0}.Release|Any CPU.ActiveCfg = Release|x86
		{C195991D-F0A5-4E20-8E62-6576BD03D0A0}.Release|Any CPU.Build.0 = Release|x86
		{C195991D-F0A5-4E20-8E62-6576BD03D0A0}.Release|Any CPU.Deploy.0 = Release|x86
		{C195991D-F0A5-4E20-8E62-6576BD03D0A0}.Release|ARM.ActiveCfg = Release|ARM
		{C195991D-F0A5-4E20-8E62-6576BD03D0A0}.Release|ARM.Build.0 = Release|ARM
		{C195991D-F0A5-4E20-8E62-6576BD03D0A0}.Release|ARM.Deploy.0 = Release|ARM
		{C195991D-F0A5-4E20-8E62-6576BD03D0A0}.Release|iPhone.ActiveCfg = Release|x86
		{C195991D-F0A5-4E20-8E62-6576BD03D0A0}.Release|iPhone.Build.0 = Release|x86
		{C195991D-F0A5-4E20-8E62-6576BD03D0A0}.Release|iPhone.Deploy.0 = Release|x86
		{C195991D-F0A5-4E20-8E62-6576BD03D0A0}.Release|iPhoneSimulator.ActiveCfg = Release|x86
		{C195991D-F0A5-4E20-8E62-6576BD03D0A0}.Release|iPhoneSimulator.Build.0 = Release|x86
		{C195991D-F0A5-4E20-8E62-6576BD03D0A0}.Release|iPhoneSimulator.Deploy.0 = Release|x86
		{C195991D-F0A5-4E20-8E62-6576BD03D0A0}.Release|x64.ActiveCfg = Release|x64
		{C195991D-F0A5-4E20-8E62-6576BD03D0A0}.Release|x64.Build.0 = Release|x64
		{C195991D-F0A5-4E20-8E62-6576BD03D0A0}.Release|x64.Deploy.0 = Release|x64
		{C195991D-F0A5-4E20-8E62-6576BD03D0A0}.Release|x86.ActiveCfg = Release|x86
		{C195991D-F0A5-4E20-8E62-6576BD03D0A0}.Release|x86.Build.0 = Release|x86
		{C195991D-F0A5-4E20-8E62-6576BD03D0A0}.Release|x86.Deploy.0 = Release|x86
		{14C68EEB-CE24-4FCA-91A4-ABC822F013B9}.Debug|Any CPU.ActiveCfg = Debug|Any CPU
		{14C68EEB-CE24-4FCA-91A4-ABC822F013B9}.Debug|Any CPU.Build.0 = Debug|Any CPU
		{14C68EEB-CE24-4FCA-91A4-ABC822F013B9}.Debug|Any CPU.Deploy.0 = Debug|Any CPU
		{14C68EEB-CE24-4FCA-91A4-ABC822F013B9}.Debug|ARM.ActiveCfg = Debug|Any CPU
		{14C68EEB-CE24-4FCA-91A4-ABC822F013B9}.Debug|ARM.Build.0 = Debug|Any CPU
		{14C68EEB-CE24-4FCA-91A4-ABC822F013B9}.Debug|ARM.Deploy.0 = Debug|Any CPU
		{14C68EEB-CE24-4FCA-91A4-ABC822F013B9}.Debug|iPhone.ActiveCfg = Debug|Any CPU
		{14C68EEB-CE24-4FCA-91A4-ABC822F013B9}.Debug|iPhone.Build.0 = Debug|Any CPU
		{14C68EEB-CE24-4FCA-91A4-ABC822F013B9}.Debug|iPhone.Deploy.0 = Debug|Any CPU
		{14C68EEB-CE24-4FCA-91A4-ABC822F013B9}.Debug|iPhoneSimulator.ActiveCfg = Debug|Any CPU
		{14C68EEB-CE24-4FCA-91A4-ABC822F013B9}.Debug|iPhoneSimulator.Build.0 = Debug|Any CPU
		{14C68EEB-CE24-4FCA-91A4-ABC822F013B9}.Debug|iPhoneSimulator.Deploy.0 = Debug|Any CPU
		{14C68EEB-CE24-4FCA-91A4-ABC822F013B9}.Debug|x64.ActiveCfg = Debug|Any CPU
		{14C68EEB-CE24-4FCA-91A4-ABC822F013B9}.Debug|x64.Build.0 = Debug|Any CPU
		{14C68EEB-CE24-4FCA-91A4-ABC822F013B9}.Debug|x64.Deploy.0 = Debug|Any CPU
		{14C68EEB-CE24-4FCA-91A4-ABC822F013B9}.Debug|x86.ActiveCfg = Debug|Any CPU
		{14C68EEB-CE24-4FCA-91A4-ABC822F013B9}.Debug|x86.Build.0 = Debug|Any CPU
		{14C68EEB-CE24-4FCA-91A4-ABC822F013B9}.Debug|x86.Deploy.0 = Debug|Any CPU
		{14C68EEB-CE24-4FCA-91A4-ABC822F013B9}.Release|Any CPU.ActiveCfg = Release|Any CPU
		{14C68EEB-CE24-4FCA-91A4-ABC822F013B9}.Release|Any CPU.Build.0 = Release|Any CPU
		{14C68EEB-CE24-4FCA-91A4-ABC822F013B9}.Release|Any CPU.Deploy.0 = Release|Any CPU
		{14C68EEB-CE24-4FCA-91A4-ABC822F013B9}.Release|ARM.ActiveCfg = Release|Any CPU
		{14C68EEB-CE24-4FCA-91A4-ABC822F013B9}.Release|ARM.Build.0 = Release|Any CPU
		{14C68EEB-CE24-4FCA-91A4-ABC822F013B9}.Release|ARM.Deploy.0 = Release|Any CPU
		{14C68EEB-CE24-4FCA-91A4-ABC822F013B9}.Release|iPhone.ActiveCfg = Release|Any CPU
		{14C68EEB-CE24-4FCA-91A4-ABC822F013B9}.Release|iPhone.Build.0 = Release|Any CPU
		{14C68EEB-CE24-4FCA-91A4-ABC822F013B9}.Release|iPhone.Deploy.0 = Release|Any CPU
		{14C68EEB-CE24-4FCA-91A4-ABC822F013B9}.Release|iPhoneSimulator.ActiveCfg = Release|Any CPU
		{14C68EEB-CE24-4FCA-91A4-ABC822F013B9}.Release|iPhoneSimulator.Build.0 = Release|Any CPU
		{14C68EEB-CE24-4FCA-91A4-ABC822F013B9}.Release|iPhoneSimulator.Deploy.0 = Release|Any CPU
		{14C68EEB-CE24-4FCA-91A4-ABC822F013B9}.Release|x64.ActiveCfg = Release|Any CPU
		{14C68EEB-CE24-4FCA-91A4-ABC822F013B9}.Release|x64.Build.0 = Release|Any CPU
		{14C68EEB-CE24-4FCA-91A4-ABC822F013B9}.Release|x64.Deploy.0 = Release|Any CPU
		{14C68EEB-CE24-4FCA-91A4-ABC822F013B9}.Release|x86.ActiveCfg = Release|Any CPU
		{14C68EEB-CE24-4FCA-91A4-ABC822F013B9}.Release|x86.Build.0 = Release|Any CPU
		{14C68EEB-CE24-4FCA-91A4-ABC822F013B9}.Release|x86.Deploy.0 = Release|Any CPU
		{559D81A5-22D5-4AD8-BE18-C9027486C916}.Debug|Any CPU.ActiveCfg = Debug|iPhone
		{559D81A5-22D5-4AD8-BE18-C9027486C916}.Debug|Any CPU.Build.0 = Debug|iPhone
		{559D81A5-22D5-4AD8-BE18-C9027486C916}.Debug|Any CPU.Deploy.0 = Debug|iPhone
		{559D81A5-22D5-4AD8-BE18-C9027486C916}.Debug|ARM.ActiveCfg = Debug|iPhoneSimulator
		{559D81A5-22D5-4AD8-BE18-C9027486C916}.Debug|ARM.Build.0 = Debug|iPhoneSimulator
		{559D81A5-22D5-4AD8-BE18-C9027486C916}.Debug|ARM.Deploy.0 = Debug|iPhoneSimulator
		{559D81A5-22D5-4AD8-BE18-C9027486C916}.Debug|iPhone.ActiveCfg = Debug|iPhone
		{559D81A5-22D5-4AD8-BE18-C9027486C916}.Debug|iPhone.Build.0 = Debug|iPhone
		{559D81A5-22D5-4AD8-BE18-C9027486C916}.Debug|iPhone.Deploy.0 = Debug|iPhone
		{559D81A5-22D5-4AD8-BE18-C9027486C916}.Debug|iPhoneSimulator.ActiveCfg = Debug|iPhoneSimulator
		{559D81A5-22D5-4AD8-BE18-C9027486C916}.Debug|iPhoneSimulator.Build.0 = Debug|iPhoneSimulator
		{559D81A5-22D5-4AD8-BE18-C9027486C916}.Debug|iPhoneSimulator.Deploy.0 = Debug|iPhoneSimulator
		{559D81A5-22D5-4AD8-BE18-C9027486C916}.Debug|x64.ActiveCfg = Debug|iPhone
		{559D81A5-22D5-4AD8-BE18-C9027486C916}.Debug|x64.Build.0 = Debug|iPhone
		{559D81A5-22D5-4AD8-BE18-C9027486C916}.Debug|x64.Deploy.0 = Debug|iPhone
		{559D81A5-22D5-4AD8-BE18-C9027486C916}.Debug|x86.ActiveCfg = Debug|iPhone
		{559D81A5-22D5-4AD8-BE18-C9027486C916}.Debug|x86.Build.0 = Debug|iPhone
		{559D81A5-22D5-4AD8-BE18-C9027486C916}.Debug|x86.Deploy.0 = Debug|iPhone
		{559D81A5-22D5-4AD8-BE18-C9027486C916}.Release|Any CPU.ActiveCfg = Release|iPhone
		{559D81A5-22D5-4AD8-BE18-C9027486C916}.Release|Any CPU.Build.0 = Release|iPhone
		{559D81A5-22D5-4AD8-BE18-C9027486C916}.Release|Any CPU.Deploy.0 = Release|iPhone
		{559D81A5-22D5-4AD8-BE18-C9027486C916}.Release|ARM.ActiveCfg = Release|iPhone
		{559D81A5-22D5-4AD8-BE18-C9027486C916}.Release|ARM.Build.0 = Release|iPhone
		{559D81A5-22D5-4AD8-BE18-C9027486C916}.Release|ARM.Deploy.0 = Release|iPhone
		{559D81A5-22D5-4AD8-BE18-C9027486C916}.Release|iPhone.ActiveCfg = Release|iPhone
		{559D81A5-22D5-4AD8-BE18-C9027486C916}.Release|iPhone.Build.0 = Release|iPhone
		{559D81A5-22D5-4AD8-BE18-C9027486C916}.Release|iPhone.Deploy.0 = Release|iPhone
		{559D81A5-22D5-4AD8-BE18-C9027486C916}.Release|iPhoneSimulator.ActiveCfg = Release|iPhoneSimulator
		{559D81A5-22D5-4AD8-BE18-C9027486C916}.Release|iPhoneSimulator.Build.0 = Release|iPhoneSimulator
		{559D81A5-22D5-4AD8-BE18-C9027486C916}.Release|iPhoneSimulator.Deploy.0 = Release|iPhoneSimulator
		{559D81A5-22D5-4AD8-BE18-C9027486C916}.Release|x64.ActiveCfg = Release|iPhone
		{559D81A5-22D5-4AD8-BE18-C9027486C916}.Release|x64.Build.0 = Release|iPhone
		{559D81A5-22D5-4AD8-BE18-C9027486C916}.Release|x64.Deploy.0 = Release|iPhone
		{559D81A5-22D5-4AD8-BE18-C9027486C916}.Release|x86.ActiveCfg = Release|iPhone
		{559D81A5-22D5-4AD8-BE18-C9027486C916}.Release|x86.Build.0 = Release|iPhone
		{559D81A5-22D5-4AD8-BE18-C9027486C916}.Release|x86.Deploy.0 = Release|iPhone
		{7A55EB23-1197-430F-8E4D-7F3AFD93B149}.Debug|Any CPU.ActiveCfg = Debug|Any CPU
		{7A55EB23-1197-430F-8E4D-7F3AFD93B149}.Debug|Any CPU.Build.0 = Debug|Any CPU
		{7A55EB23-1197-430F-8E4D-7F3AFD93B149}.Debug|Any CPU.Deploy.0 = Debug|Any CPU
		{7A55EB23-1197-430F-8E4D-7F3AFD93B149}.Debug|ARM.ActiveCfg = Debug|Any CPU
		{7A55EB23-1197-430F-8E4D-7F3AFD93B149}.Debug|ARM.Build.0 = Debug|Any CPU
		{7A55EB23-1197-430F-8E4D-7F3AFD93B149}.Debug|ARM.Deploy.0 = Debug|Any CPU
		{7A55EB23-1197-430F-8E4D-7F3AFD93B149}.Debug|iPhone.ActiveCfg = Debug|Any CPU
		{7A55EB23-1197-430F-8E4D-7F3AFD93B149}.Debug|iPhone.Build.0 = Debug|Any CPU
		{7A55EB23-1197-430F-8E4D-7F3AFD93B149}.Debug|iPhone.Deploy.0 = Debug|Any CPU
		{7A55EB23-1197-430F-8E4D-7F3AFD93B149}.Debug|iPhoneSimulator.ActiveCfg = Debug|Any CPU
		{7A55EB23-1197-430F-8E4D-7F3AFD93B149}.Debug|iPhoneSimulator.Build.0 = Debug|Any CPU
		{7A55EB23-1197-430F-8E4D-7F3AFD93B149}.Debug|iPhoneSimulator.Deploy.0 = Debug|Any CPU
		{7A55EB23-1197-430F-8E4D-7F3AFD93B149}.Debug|x64.ActiveCfg = Debug|Any CPU
		{7A55EB23-1197-430F-8E4D-7F3AFD93B149}.Debug|x64.Build.0 = Debug|Any CPU
		{7A55EB23-1197-430F-8E4D-7F3AFD93B149}.Debug|x64.Deploy.0 = Debug|Any CPU
		{7A55EB23-1197-430F-8E4D-7F3AFD93B149}.Debug|x86.ActiveCfg = Debug|Any CPU
		{7A55EB23-1197-430F-8E4D-7F3AFD93B149}.Debug|x86.Build.0 = Debug|Any CPU
		{7A55EB23-1197-430F-8E4D-7F3AFD93B149}.Debug|x86.Deploy.0 = Debug|Any CPU
		{7A55EB23-1197-430F-8E4D-7F3AFD93B149}.Release|Any CPU.ActiveCfg = Release|Any CPU
		{7A55EB23-1197-430F-8E4D-7F3AFD93B149}.Release|Any CPU.Build.0 = Release|Any CPU
		{7A55EB23-1197-430F-8E4D-7F3AFD93B149}.Release|Any CPU.Deploy.0 = Release|Any CPU
		{7A55EB23-1197-430F-8E4D-7F3AFD93B149}.Release|ARM.ActiveCfg = Release|Any CPU
		{7A55EB23-1197-430F-8E4D-7F3AFD93B149}.Release|ARM.Build.0 = Release|Any CPU
		{7A55EB23-1197-430F-8E4D-7F3AFD93B149}.Release|ARM.Deploy.0 = Release|Any CPU
		{7A55EB23-1197-430F-8E4D-7F3AFD93B149}.Release|iPhone.ActiveCfg = Release|Any CPU
		{7A55EB23-1197-430F-8E4D-7F3AFD93B149}.Release|iPhone.Build.0 = Release|Any CPU
		{7A55EB23-1197-430F-8E4D-7F3AFD93B149}.Release|iPhone.Deploy.0 = Release|Any CPU
		{7A55EB23-1197-430F-8E4D-7F3AFD93B149}.Release|iPhoneSimulator.ActiveCfg = Release|Any CPU
		{7A55EB23-1197-430F-8E4D-7F3AFD93B149}.Release|iPhoneSimulator.Build.0 = Release|Any CPU
		{7A55EB23-1197-430F-8E4D-7F3AFD93B149}.Release|iPhoneSimulator.Deploy.0 = Release|Any CPU
		{7A55EB23-1197-430F-8E4D-7F3AFD93B149}.Release|x64.ActiveCfg = Release|Any CPU
		{7A55EB23-1197-430F-8E4D-7F3AFD93B149}.Release|x64.Build.0 = Release|Any CPU
		{7A55EB23-1197-430F-8E4D-7F3AFD93B149}.Release|x64.Deploy.0 = Release|Any CPU
		{7A55EB23-1197-430F-8E4D-7F3AFD93B149}.Release|x86.ActiveCfg = Release|Any CPU
		{7A55EB23-1197-430F-8E4D-7F3AFD93B149}.Release|x86.Build.0 = Release|Any CPU
		{7A55EB23-1197-430F-8E4D-7F3AFD93B149}.Release|x86.Deploy.0 = Release|Any CPU
	EndGlobalSection
	GlobalSection(SolutionProperties) = preSolution
		HideSolutionNode = FALSE
	EndGlobalSection
	GlobalSection(ExtensibilityGlobals) = postSolution
		SolutionGuid = {5FE6D264-15B8-468D-B003-1E701C4CD270}
	EndGlobalSection
EndGlobal
